
Microsoft Visual Studio Solution File, Format Version 12.00
# Visual Studio Version 16
VisualStudioVersion = 16.0.32228.343
MinimumVisualStudioVersion = 10.0.40219.1
Project("{FAE04EC0-301F-11D3-BF4B-00C04F79EFBC}") = "IASoftwareEngineerExam", "IASoftwareEngineerExam\IASoftwareEngineerExam.csproj", "{84A4034D-4022-4990-A5D6-5DB6AAA2DCCB}"
EndProject
Global
	GlobalSection(SolutionConfigurationPlatforms) = preSolution
		Debug|Any CPU = Debug|Any CPU
		Release|Any CPU = Release|Any CPU
	EndGlobalSection
	GlobalSection(ProjectConfigurationPlatforms) = postSolution
		{84A4034D-4022-4990-A5D6-5DB6AAA2DCCB}.Debug|Any CPU.ActiveCfg = Debug|Any CPU
		{84A4034D-4022-4990-A5D6-5DB6AAA2DCCB}.Debug|Any CPU.Build.0 = Debug|Any CPU
		{84A4034D-4022-4990-A5D6-5DB6AAA2DCCB}.Release|Any CPU.ActiveCfg = Release|Any CPU
		{84A4034D-4022-4990-A5D6-5DB6AAA2DCCB}.Release|Any CPU.Build.0 = Release|Any CPU
	EndGlobalSection
	GlobalSection(SolutionProperties) = preSolution
		HideSolutionNode = FALSE
	EndGlobalSection
	GlobalSection(ExtensibilityGlobals) = postSolution
		SolutionGuid = {11EE6800-BFF2-4C87-B844-878E97FFA066}
	EndGlobalSection
EndGlobal
